
Microsoft Visual Studio Solution File, Format Version 12.00
# Visual Studio Version 17
VisualStudioVersion = 17.13.35818.85 d17.13
MinimumVisualStudioVersion = 10.0.40219.1
Project("{FAE04EC0-301F-11D3-BF4B-00C04F79EFBC}") = "modul3_103022300034", "modul3_103022300034\modul3_103022300034.csproj", "{617300A2-C224-4040-9EB2-D27912A77DC7}"
EndProject
Global
	GlobalSection(SolutionConfigurationPlatforms) = preSolution
		Debug|Any CPU = Debug|Any CPU
		Release|Any CPU = Release|Any CPU
	EndGlobalSection
	GlobalSection(ProjectConfigurationPlatforms) = postSolution
		{617300A2-C224-4040-9EB2-D27912A77DC7}.Debug|Any CPU.ActiveCfg = Debug|Any CPU
		{617300A2-C224-4040-9EB2-D27912A77DC7}.Debug|Any CPU.Build.0 = Debug|Any CPU
		{617300A2-C224-4040-9EB2-D27912A77DC7}.Release|Any CPU.ActiveCfg = Release|Any CPU
		{617300A2-C224-4040-9EB2-D27912A77DC7}.Release|Any CPU.Build.0 = Release|Any CPU
	EndGlobalSection
	GlobalSection(SolutionProperties) = preSolution
		HideSolutionNode = FALSE
	EndGlobalSection
	GlobalSection(ExtensibilityGlobals) = postSolution
		SolutionGuid = {A0C06445-456D-4DD5-9553-873204A2F786}
	EndGlobalSection
EndGlobal
